
Microsoft Visual Studio Solution File, Format Version 12.00
# Visual Studio Version 16
VisualStudioVersion = 16.0.33328.57
MinimumVisualStudioVersion = 10.0.40219.1
Project("{FAE04EC0-301F-11D3-BF4B-00C04F79EFBC}") = "Sigleton", "Singleton\Sigleton.csproj", "{1CEB0DD4-652D-43F3-B74E-E5C2123B48FB}"
EndProject
Project("{FAE04EC0-301F-11D3-BF4B-00C04F79EFBC}") = "SimpleFactory", "SimpleFactory\SimpleFactory.csproj", "{32328D9C-39DC-4DD5-87FC-5ED84DF63FC9}"
EndProject
Project("{FAE04EC0-301F-11D3-BF4B-00C04F79EFBC}") = "Factory", "Factory\Factory.csproj", "{9CB8BFC2-179B-4E0A-B0F9-198FF269B90B}"
EndProject
Project("{FAE04EC0-301F-11D3-BF4B-00C04F79EFBC}") = "AbstractFactory", "AbstractFactory\AbstractFactory.csproj", "{A32C9599-AAA1-4F20-B52D-14844EA8FBDA}"
EndProject
Project("{FAE04EC0-301F-11D3-BF4B-00C04F79EFBC}") = "Strategy", "Strategy\Strategy.csproj", "{4DE37B1D-FB4B-476D-93D0-B8BAA948878D}"
EndProject
Global
	GlobalSection(SolutionConfigurationPlatforms) = preSolution
		Debug|Any CPU = Debug|Any CPU
		Release|Any CPU = Release|Any CPU
	EndGlobalSection
	GlobalSection(ProjectConfigurationPlatforms) = postSolution
		{1CEB0DD4-652D-43F3-B74E-E5C2123B48FB}.Debug|Any CPU.ActiveCfg = Debug|Any CPU
		{1CEB0DD4-652D-43F3-B74E-E5C2123B48FB}.Debug|Any CPU.Build.0 = Debug|Any CPU
		{1CEB0DD4-652D-43F3-B74E-E5C2123B48FB}.Release|Any CPU.ActiveCfg = Release|Any CPU
		{1CEB0DD4-652D-43F3-B74E-E5C2123B48FB}.Release|Any CPU.Build.0 = Release|Any CPU
		{32328D9C-39DC-4DD5-87FC-5ED84DF63FC9}.Debug|Any CPU.ActiveCfg = Debug|Any CPU
		{32328D9C-39DC-4DD5-87FC-5ED84DF63FC9}.Debug|Any CPU.Build.0 = Debug|Any CPU
		{32328D9C-39DC-4DD5-87FC-5ED84DF63FC9}.Release|Any CPU.ActiveCfg = Release|Any CPU
		{32328D9C-39DC-4DD5-87FC-5ED84DF63FC9}.Release|Any CPU.Build.0 = Release|Any CPU
		{9CB8BFC2-179B-4E0A-B0F9-198FF269B90B}.Debug|Any CPU.ActiveCfg = Debug|Any CPU
		{9CB8BFC2-179B-4E0A-B0F9-198FF269B90B}.Debug|Any CPU.Build.0 = Debug|Any CPU
		{9CB8BFC2-179B-4E0A-B0F9-198FF269B90B}.Release|Any CPU.ActiveCfg = Release|Any CPU
		{9CB8BFC2-179B-4E0A-B0F9-198FF269B90B}.Release|Any CPU.Build.0 = Release|Any CPU
		{A32C9599-AAA1-4F20-B52D-14844EA8FBDA}.Debug|Any CPU.ActiveCfg = Debug|Any CPU
		{A32C9599-AAA1-4F20-B52D-14844EA8FBDA}.Debug|Any CPU.Build.0 = Debug|Any CPU
		{A32C9599-AAA1-4F20-B52D-14844EA8FBDA}.Release|Any CPU.ActiveCfg = Release|Any CPU
		{A32C9599-AAA1-4F20-B52D-14844EA8FBDA}.Release|Any CPU.Build.0 = Release|Any CPU
		{4DE37B1D-FB4B-476D-93D0-B8BAA948878D}.Debug|Any CPU.ActiveCfg = Debug|Any CPU
		{4DE37B1D-FB4B-476D-93D0-B8BAA948878D}.Debug|Any CPU.Build.0 = Debug|Any CPU
		{4DE37B1D-FB4B-476D-93D0-B8BAA948878D}.Release|Any CPU.ActiveCfg = Release|Any CPU
		{4DE37B1D-FB4B-476D-93D0-B8BAA948878D}.Release|Any CPU.Build.0 = Release|Any CPU
	EndGlobalSection
	GlobalSection(SolutionProperties) = preSolution
		HideSolutionNode = FALSE
	EndGlobalSection
	GlobalSection(ExtensibilityGlobals) = postSolution
		SolutionGuid = {48B235DF-7589-4648-8091-20FCBD30A683}
	EndGlobalSection
EndGlobal
